<?xml version="1.0" encoding="utf-8"?>
<Project ToolsVersion="4.0" xmlns="http://schemas.microsoft.com/developer/msbuild/2003">
  <ItemGroup>
    <Filter Include="LuaTinkerE">
      <UniqueIdentifier>{1fa75fed-5ad8-450b-95eb-0d5ec2043e76}</UniqueIdentifier>
    </Filter>
  </ItemGroup>
  <ItemGroup>
    <ClCompile Include="lua_tinker.cpp">
      <Filter>LuaTinkerE</Filter>
    </ClCompile>
  </ItemGroup>
  <ItemGroup>
    <ClInclude Include="lua_tinker.h">
      <Filter>LuaTinkerE</Filter>
    </ClInclude>
    <ClInclude Include="lua_tinker_stackobj.h">
      <Filter>LuaTinkerE</Filter>
    </ClInclude>
    <ClInclude Include="type_traits_ext.h">
      <Filter>LuaTinkerE</Filter>
    </ClInclude>
  </ItemGroup>
</Project>